// !$*UTF8*$!
{
	archiveVersion = 1;
	classes = {
	};
	objectVersion = 55;
	objects = {

/* Begin PBXBuildFile section */
		700A9D2B27C75D0C00FA9473 /* PostDetail.swift in Sources */ = {isa = PBXBuildFile; fileRef = 700A9D2A27C75D0C00FA9473 /* PostDetail.swift */; };
		700A9D2E27C7726300FA9473 /* HomePage.swift in Sources */ = {isa = PBXBuildFile; fileRef = 700A9D2D27C7726300FA9473 /* HomePage.swift */; };
		700A9D3027C7781C00FA9473 /* PostCard.swift in Sources */ = {isa = PBXBuildFile; fileRef = 700A9D2F27C7781C00FA9473 /* PostCard.swift */; };
		700A9D3227C77C3100FA9473 /* EditorPostData.json in Resources */ = {isa = PBXBuildFile; fileRef = 700A9D3127C77C3100FA9473 /* EditorPostData.json */; };
		700A9D3427C77DC700FA9473 /* PostCardScrollView.swift in Sources */ = {isa = PBXBuildFile; fileRef = 700A9D3327C77DC700FA9473 /* PostCardScrollView.swift */; };
		703B6F7E27C8D091005778F2 /* QuestionPostPreviewList.swift in Sources */ = {isa = PBXBuildFile; fileRef = 703B6F7D27C8D091005778F2 /* QuestionPostPreviewList.swift */; };
		703B6F8027C8D1E5005778F2 /* QuestionPostList.swift in Sources */ = {isa = PBXBuildFile; fileRef = 703B6F7F27C8D1E5005778F2 /* QuestionPostList.swift */; };
		705FACB927C8939400AC2AC1 /* UserInfo.swift in Sources */ = {isa = PBXBuildFile; fileRef = 705FACB827C8939400AC2AC1 /* UserInfo.swift */; };
		705FACBB27C893AC00AC2AC1 /* ProfilePage.swift in Sources */ = {isa = PBXBuildFile; fileRef = 705FACBA27C893AC00AC2AC1 /* ProfilePage.swift */; };
		705FACBD27C8977800AC2AC1 /* PostPage.swift in Sources */ = {isa = PBXBuildFile; fileRef = 705FACBC27C8977800AC2AC1 /* PostPage.swift */; };
		705FACBF27C8987F00AC2AC1 /* PostOptionButtonScrollView.swift in Sources */ = {isa = PBXBuildFile; fileRef = 705FACBE27C8987F00AC2AC1 /* PostOptionButtonScrollView.swift */; };
		705FACC127C89B9900AC2AC1 /* PostOption.swift in Sources */ = {isa = PBXBuildFile; fileRef = 705FACC027C89B9900AC2AC1 /* PostOption.swift */; };
		705FACC327C8B44900AC2AC1 /* QuestionPost.swift in Sources */ = {isa = PBXBuildFile; fileRef = 705FACC227C8B44900AC2AC1 /* QuestionPost.swift */; };
		705FACC527C8B4B400AC2AC1 /* User.swift in Sources */ = {isa = PBXBuildFile; fileRef = 705FACC427C8B4B400AC2AC1 /* User.swift */; };
		705FACC927C8BD3D00AC2AC1 /* QuestionPostRow.swift in Sources */ = {isa = PBXBuildFile; fileRef = 705FACC827C8BD3D00AC2AC1 /* QuestionPostRow.swift */; };
		705FACCB27C8C69E00AC2AC1 /* QuestionPostData.json in Resources */ = {isa = PBXBuildFile; fileRef = 705FACCA27C8C69E00AC2AC1 /* QuestionPostData.json */; };
		70AFB7EF27C6391A00E04F64 /* mbti_stationApp.swift in Sources */ = {isa = PBXBuildFile; fileRef = 70AFB7EE27C6391A00E04F64 /* mbti_stationApp.swift */; };
		70AFB7F127C6391A00E04F64 /* ContentView.swift in Sources */ = {isa = PBXBuildFile; fileRef = 70AFB7F027C6391A00E04F64 /* ContentView.swift */; };
		70AFB7F327C6391B00E04F64 /* Assets.xcassets in Resources */ = {isa = PBXBuildFile; fileRef = 70AFB7F227C6391B00E04F64 /* Assets.xcassets */; };
		70AFB7F627C6391B00E04F64 /* Preview Assets.xcassets in Resources */ = {isa = PBXBuildFile; fileRef = 70AFB7F527C6391B00E04F64 /* Preview Assets.xcassets */; };
		70AFB80027C6391B00E04F64 /* mbti_stationTests.swift in Sources */ = {isa = PBXBuildFile; fileRef = 70AFB7FF27C6391B00E04F64 /* mbti_stationTests.swift */; };
		70AFB80A27C6391B00E04F64 /* mbti_stationUITests.swift in Sources */ = {isa = PBXBuildFile; fileRef = 70AFB80927C6391B00E04F64 /* mbti_stationUITests.swift */; };
		70AFB80C27C6391B00E04F64 /* mbti_stationUITestsLaunchTests.swift in Sources */ = {isa = PBXBuildFile; fileRef = 70AFB80B27C6391B00E04F64 /* mbti_stationUITestsLaunchTests.swift */; };
		70D022DA27C7344C0048FC86 /* PostRow.swift in Sources */ = {isa = PBXBuildFile; fileRef = 70D022D927C7344C0048FC86 /* PostRow.swift */; };
		70D022DF27C7413A0048FC86 /* Post.swift in Sources */ = {isa = PBXBuildFile; fileRef = 70D022DE27C7413A0048FC86 /* Post.swift */; };
		70D022E127C7422D0048FC86 /* ModelData.swift in Sources */ = {isa = PBXBuildFile; fileRef = 70D022E027C7422D0048FC86 /* ModelData.swift */; };
		70D022E427C742D50048FC86 /* PostData.json in Resources */ = {isa = PBXBuildFile; fileRef = 70D022E327C742D50048FC86 /* PostData.json */; };
		70D022E627C753420048FC86 /* PostList.swift in Sources */ = {isa = PBXBuildFile; fileRef = 70D022E527C753420048FC86 /* PostList.swift */; };
/* End PBXBuildFile section */

/* Begin PBXContainerItemProxy section */
		70AFB7FC27C6391B00E04F64 /* PBXContainerItemProxy */ = {
			isa = PBXContainerItemProxy;
			containerPortal = 70AFB7E327C6391A00E04F64 /* Project object */;
			proxyType = 1;
			remoteGlobalIDString = 70AFB7EA27C6391A00E04F64;
			remoteInfo = "mbti-station";
		};
		70AFB80627C6391B00E04F64 /* PBXContainerItemProxy */ = {
			isa = PBXContainerItemProxy;
			containerPortal = 70AFB7E327C6391A00E04F64 /* Project object */;
			proxyType = 1;
			remoteGlobalIDString = 70AFB7EA27C6391A00E04F64;
			remoteInfo = "mbti-station";
		};
/* End PBXContainerItemProxy section */

/* Begin PBXFileReference section */
		700A9D2A27C75D0C00FA9473 /* PostDetail.swift */ = {isa = PBXFileReference; lastKnownFileType = sourcecode.swift; path = PostDetail.swift; sourceTree = "<group>"; };
		700A9D2D27C7726300FA9473 /* HomePage.swift */ = {isa = PBXFileReference; lastKnownFileType = sourcecode.swift; path = HomePage.swift; sourceTree = "<group>"; };
		700A9D2F27C7781C00FA9473 /* PostCard.swift */ = {isa = PBXFileReference; lastKnownFileType = sourcecode.swift; path = PostCard.swift; sourceTree = "<group>"; };
		700A9D3127C77C3100FA9473 /* EditorPostData.json */ = {isa = PBXFileReference; lastKnownFileType = text.json; path = EditorPostData.json; sourceTree = "<group>"; };
		700A9D3327C77DC700FA9473 /* PostCardScrollView.swift */ = {isa = PBXFileReference; lastKnownFileType = sourcecode.swift; path = PostCardScrollView.swift; sourceTree = "<group>"; };
		703B6F7D27C8D091005778F2 /* QuestionPostPreviewList.swift */ = {isa = PBXFileReference; lastKnownFileType = sourcecode.swift; path = QuestionPostPreviewList.swift; sourceTree = "<group>"; };
		703B6F7F27C8D1E5005778F2 /* QuestionPostList.swift */ = {isa = PBXFileReference; lastKnownFileType = sourcecode.swift; path = QuestionPostList.swift; sourceTree = "<group>"; };
		705FACB827C8939400AC2AC1 /* UserInfo.swift */ = {isa = PBXFileReference; lastKnownFileType = sourcecode.swift; path = UserInfo.swift; sourceTree = "<group>"; };
		705FACBA27C893AC00AC2AC1 /* ProfilePage.swift */ = {isa = PBXFileReference; lastKnownFileType = sourcecode.swift; path = ProfilePage.swift; sourceTree = "<group>"; };
		705FACBC27C8977800AC2AC1 /* PostPage.swift */ = {isa = PBXFileReference; lastKnownFileType = sourcecode.swift; path = PostPage.swift; sourceTree = "<group>"; };
		705FACBE27C8987F00AC2AC1 /* PostOptionButtonScrollView.swift */ = {isa = PBXFileReference; lastKnownFileType = sourcecode.swift; path = PostOptionButtonScrollView.swift; sourceTree = "<group>"; };
		705FACC027C89B9900AC2AC1 /* PostOption.swift */ = {isa = PBXFileReference; lastKnownFileType = sourcecode.swift; path = PostOption.swift; sourceTree = "<group>"; };
		705FACC227C8B44900AC2AC1 /* QuestionPost.swift */ = {isa = PBXFileReference; lastKnownFileType = sourcecode.swift; path = QuestionPost.swift; sourceTree = "<group>"; };
		705FACC427C8B4B400AC2AC1 /* User.swift */ = {isa = PBXFileReference; lastKnownFileType = sourcecode.swift; path = User.swift; sourceTree = "<group>"; };
		705FACC827C8BD3D00AC2AC1 /* QuestionPostRow.swift */ = {isa = PBXFileReference; lastKnownFileType = sourcecode.swift; path = QuestionPostRow.swift; sourceTree = "<group>"; };
		705FACCA27C8C69E00AC2AC1 /* QuestionPostData.json */ = {isa = PBXFileReference; lastKnownFileType = text.json; path = QuestionPostData.json; sourceTree = "<group>"; };
		70AFB7EB27C6391A00E04F64 /* mbti-station.app */ = {isa = PBXFileReference; explicitFileType = wrapper.application; includeInIndex = 0; path = "mbti-station.app"; sourceTree = BUILT_PRODUCTS_DIR; };
		70AFB7EE27C6391A00E04F64 /* mbti_stationApp.swift */ = {isa = PBXFileReference; lastKnownFileType = sourcecode.swift; path = mbti_stationApp.swift; sourceTree = "<group>"; };
		70AFB7F027C6391A00E04F64 /* ContentView.swift */ = {isa = PBXFileReference; lastKnownFileType = sourcecode.swift; path = ContentView.swift; sourceTree = "<group>"; };
		70AFB7F227C6391B00E04F64 /* Assets.xcassets */ = {isa = PBXFileReference; lastKnownFileType = folder.assetcatalog; path = Assets.xcassets; sourceTree = "<group>"; };
		70AFB7F527C6391B00E04F64 /* Preview Assets.xcassets */ = {isa = PBXFileReference; lastKnownFileType = folder.assetcatalog; path = "Preview Assets.xcassets"; sourceTree = "<group>"; };
		70AFB7FB27C6391B00E04F64 /* mbti-stationTests.xctest */ = {isa = PBXFileReference; explicitFileType = wrapper.cfbundle; includeInIndex = 0; path = "mbti-stationTests.xctest"; sourceTree = BUILT_PRODUCTS_DIR; };
		70AFB7FF27C6391B00E04F64 /* mbti_stationTests.swift */ = {isa = PBXFileReference; lastKnownFileType = sourcecode.swift; path = mbti_stationTests.swift; sourceTree = "<group>"; };
		70AFB80527C6391B00E04F64 /* mbti-stationUITests.xctest */ = {isa = PBXFileReference; explicitFileType = wrapper.cfbundle; includeInIndex = 0; path = "mbti-stationUITests.xctest"; sourceTree = BUILT_PRODUCTS_DIR; };
		70AFB80927C6391B00E04F64 /* mbti_stationUITests.swift */ = {isa = PBXFileReference; lastKnownFileType = sourcecode.swift; path = mbti_stationUITests.swift; sourceTree = "<group>"; };
		70AFB80B27C6391B00E04F64 /* mbti_stationUITestsLaunchTests.swift */ = {isa = PBXFileReference; lastKnownFileType = sourcecode.swift; path = mbti_stationUITestsLaunchTests.swift; sourceTree = "<group>"; };
		70D022D927C7344C0048FC86 /* PostRow.swift */ = {isa = PBXFileReference; lastKnownFileType = sourcecode.swift; path = PostRow.swift; sourceTree = "<group>"; };
		70D022DE27C7413A0048FC86 /* Post.swift */ = {isa = PBXFileReference; lastKnownFileType = sourcecode.swift; path = Post.swift; sourceTree = "<group>"; };
		70D022E027C7422D0048FC86 /* ModelData.swift */ = {isa = PBXFileReference; lastKnownFileType = sourcecode.swift; path = ModelData.swift; sourceTree = "<group>"; };
		70D022E327C742D50048FC86 /* PostData.json */ = {isa = PBXFileReference; lastKnownFileType = text.json; path = PostData.json; sourceTree = "<group>"; };
		70D022E527C753420048FC86 /* PostList.swift */ = {isa = PBXFileReference; lastKnownFileType = sourcecode.swift; path = PostList.swift; sourceTree = "<group>"; };
/* End PBXFileReference section */

/* Begin PBXFrameworksBuildPhase section */
		70AFB7E827C6391A00E04F64 /* Frameworks */ = {
			isa = PBXFrameworksBuildPhase;
			buildActionMask = 2147483647;
			files = (
			);
			runOnlyForDeploymentPostprocessing = 0;
		};
		70AFB7F827C6391B00E04F64 /* Frameworks */ = {
			isa = PBXFrameworksBuildPhase;
			buildActionMask = 2147483647;
			files = (
			);
			runOnlyForDeploymentPostprocessing = 0;
		};
		70AFB80227C6391B00E04F64 /* Frameworks */ = {
			isa = PBXFrameworksBuildPhase;
			buildActionMask = 2147483647;
			files = (
			);
			runOnlyForDeploymentPostprocessing = 0;
		};
/* End PBXFrameworksBuildPhase section */

/* Begin PBXGroup section */
		700A9D2C27C7723900FA9473 /* Pages */ = {
			isa = PBXGroup;
			children = (
				700A9D2D27C7726300FA9473 /* HomePage.swift */,
				705FACBA27C893AC00AC2AC1 /* ProfilePage.swift */,
				705FACBC27C8977800AC2AC1 /* PostPage.swift */,
			);
			path = Pages;
			sourceTree = "<group>";
		};
		703B6F8127C8D81F005778F2 /* QuestionPosts */ = {
			isa = PBXGroup;
			children = (
				705FACC827C8BD3D00AC2AC1 /* QuestionPostRow.swift */,
				703B6F7D27C8D091005778F2 /* QuestionPostPreviewList.swift */,
				703B6F7F27C8D1E5005778F2 /* QuestionPostList.swift */,
			);
			path = QuestionPosts;
			sourceTree = "<group>";
		};
		705FACB727C8935D00AC2AC1 /* Profiles */ = {
			isa = PBXGroup;
			children = (
				705FACB827C8939400AC2AC1 /* UserInfo.swift */,
			);
			path = Profiles;
			sourceTree = "<group>";
		};
		70AFB7E227C6391A00E04F64 = {
			isa = PBXGroup;
			children = (
				70AFB7ED27C6391A00E04F64 /* mbti-station */,
				70AFB7FE27C6391B00E04F64 /* mbti-stationTests */,
				70AFB80827C6391B00E04F64 /* mbti-stationUITests */,
				70AFB7EC27C6391A00E04F64 /* Products */,
			);
			sourceTree = "<group>";
		};
		70AFB7EC27C6391A00E04F64 /* Products */ = {
			isa = PBXGroup;
			children = (
				70AFB7EB27C6391A00E04F64 /* mbti-station.app */,
				70AFB7FB27C6391B00E04F64 /* mbti-stationTests.xctest */,
				70AFB80527C6391B00E04F64 /* mbti-stationUITests.xctest */,
			);
			name = Products;
			sourceTree = "<group>";
		};
		70AFB7ED27C6391A00E04F64 /* mbti-station */ = {
			isa = PBXGroup;
			children = (
				70D022E227C742780048FC86 /* Resources */,
				70D022D727C733DA0048FC86 /* Views */,
				70D022DB27C740C60048FC86 /* Models */,
				70AFB7EE27C6391A00E04F64 /* mbti_stationApp.swift */,
				70AFB7F027C6391A00E04F64 /* ContentView.swift */,
				70AFB7F227C6391B00E04F64 /* Assets.xcassets */,
				70AFB7F427C6391B00E04F64 /* Preview Content */,
			);
			path = "mbti-station";
			sourceTree = "<group>";
		};
		70AFB7F427C6391B00E04F64 /* Preview Content */ = {
			isa = PBXGroup;
			children = (
				70AFB7F527C6391B00E04F64 /* Preview Assets.xcassets */,
			);
			path = "Preview Content";
			sourceTree = "<group>";
		};
		70AFB7FE27C6391B00E04F64 /* mbti-stationTests */ = {
			isa = PBXGroup;
			children = (
				70AFB7FF27C6391B00E04F64 /* mbti_stationTests.swift */,
			);
			path = "mbti-stationTests";
			sourceTree = "<group>";
		};
		70AFB80827C6391B00E04F64 /* mbti-stationUITests */ = {
			isa = PBXGroup;
			children = (
				70AFB80927C6391B00E04F64 /* mbti_stationUITests.swift */,
				70AFB80B27C6391B00E04F64 /* mbti_stationUITestsLaunchTests.swift */,
			);
			path = "mbti-stationUITests";
			sourceTree = "<group>";
		};
		70D022D727C733DA0048FC86 /* Views */ = {
			isa = PBXGroup;
			children = (
				700A9D2C27C7723900FA9473 /* Pages */,
				70D022D827C734100048FC86 /* Posts */,
				705FACB727C8935D00AC2AC1 /* Profiles */,
			);
			path = Views;
			sourceTree = "<group>";
		};
		70D022D827C734100048FC86 /* Posts */ = {
			isa = PBXGroup;
			children = (
				703B6F8127C8D81F005778F2 /* QuestionPosts */,
				70D022D927C7344C0048FC86 /* PostRow.swift */,
				70D022E527C753420048FC86 /* PostList.swift */,
				700A9D2A27C75D0C00FA9473 /* PostDetail.swift */,
				700A9D2F27C7781C00FA9473 /* PostCard.swift */,
				700A9D3327C77DC700FA9473 /* PostCardScrollView.swift */,
				705FACBE27C8987F00AC2AC1 /* PostOptionButtonScrollView.swift */,
			);
			path = Posts;
			sourceTree = "<group>";
		};
		70D022DB27C740C60048FC86 /* Models */ = {
			isa = PBXGroup;
			children = (
				70D022DE27C7413A0048FC86 /* Post.swift */,
				70D022E027C7422D0048FC86 /* ModelData.swift */,
				705FACC027C89B9900AC2AC1 /* PostOption.swift */,
				705FACC227C8B44900AC2AC1 /* QuestionPost.swift */,
				705FACC427C8B4B400AC2AC1 /* User.swift */,
			);
			path = Models;
			sourceTree = "<group>";
		};
		70D022E227C742780048FC86 /* Resources */ = {
			isa = PBXGroup;
			children = (
				70D022E327C742D50048FC86 /* PostData.json */,
				700A9D3127C77C3100FA9473 /* EditorPostData.json */,
				705FACCA27C8C69E00AC2AC1 /* QuestionPostData.json */,
			);
			path = Resources;
			sourceTree = "<group>";
		};
/* End PBXGroup section */

/* Begin PBXNativeTarget section */
		70AFB7EA27C6391A00E04F64 /* mbti-station */ = {
			isa = PBXNativeTarget;
			buildConfigurationList = 70AFB80F27C6391B00E04F64 /* Build configuration list for PBXNativeTarget "mbti-station" */;
			buildPhases = (
				70AFB7E727C6391A00E04F64 /* Sources */,
				70AFB7E827C6391A00E04F64 /* Frameworks */,
				70AFB7E927C6391A00E04F64 /* Resources */,
			);
			buildRules = (
			);
			dependencies = (
			);
			name = "mbti-station";
			productName = "mbti-station";
			productReference = 70AFB7EB27C6391A00E04F64 /* mbti-station.app */;
			productType = "com.apple.product-type.application";
		};
		70AFB7FA27C6391B00E04F64 /* mbti-stationTests */ = {
			isa = PBXNativeTarget;
			buildConfigurationList = 70AFB81227C6391B00E04F64 /* Build configuration list for PBXNativeTarget "mbti-stationTests" */;
			buildPhases = (
				70AFB7F727C6391B00E04F64 /* Sources */,
				70AFB7F827C6391B00E04F64 /* Frameworks */,
				70AFB7F927C6391B00E04F64 /* Resources */,
			);
			buildRules = (
			);
			dependencies = (
				70AFB7FD27C6391B00E04F64 /* PBXTargetDependency */,
			);
			name = "mbti-stationTests";
			productName = "mbti-stationTests";
			productReference = 70AFB7FB27C6391B00E04F64 /* mbti-stationTests.xctest */;
			productType = "com.apple.product-type.bundle.unit-test";
		};
		70AFB80427C6391B00E04F64 /* mbti-stationUITests */ = {
			isa = PBXNativeTarget;
			buildConfigurationList = 70AFB81527C6391B00E04F64 /* Build configuration list for PBXNativeTarget "mbti-stationUITests" */;
			buildPhases = (
				70AFB80127C6391B00E04F64 /* Sources */,
				70AFB80227C6391B00E04F64 /* Frameworks */,
				70AFB80327C6391B00E04F64 /* Resources */,
			);
			buildRules = (
			);
			dependencies = (
				70AFB80727C6391B00E04F64 /* PBXTargetDependency */,
			);
			name = "mbti-stationUITests";
			productName = "mbti-stationUITests";
			productReference = 70AFB80527C6391B00E04F64 /* mbti-stationUITests.xctest */;
			productType = "com.apple.product-type.bundle.ui-testing";
		};
/* End PBXNativeTarget section */

/* Begin PBXProject section */
		70AFB7E327C6391A00E04F64 /* Project object */ = {
			isa = PBXProject;
			attributes = {
				BuildIndependentTargetsInParallel = 1;
				LastSwiftUpdateCheck = 1300;
				LastUpgradeCheck = 1300;
				TargetAttributes = {
					70AFB7EA27C6391A00E04F64 = {
						CreatedOnToolsVersion = 13.0;
					};
					70AFB7FA27C6391B00E04F64 = {
						CreatedOnToolsVersion = 13.0;
						TestTargetID = 70AFB7EA27C6391A00E04F64;
					};
					70AFB80427C6391B00E04F64 = {
						CreatedOnToolsVersion = 13.0;
						TestTargetID = 70AFB7EA27C6391A00E04F64;
					};
				};
			};
			buildConfigurationList = 70AFB7E627C6391A00E04F64 /* Build configuration list for PBXProject "mbti-station" */;
			compatibilityVersion = "Xcode 13.0";
			developmentRegion = en;
			hasScannedForEncodings = 0;
			knownRegions = (
				en,
				Base,
			);
			mainGroup = 70AFB7E227C6391A00E04F64;
			productRefGroup = 70AFB7EC27C6391A00E04F64 /* Products */;
			projectDirPath = "";
			projectRoot = "";
			targets = (
				70AFB7EA27C6391A00E04F64 /* mbti-station */,
				70AFB7FA27C6391B00E04F64 /* mbti-stationTests */,
				70AFB80427C6391B00E04F64 /* mbti-stationUITests */,
			);
		};
/* End PBXProject section */

/* Begin PBXResourcesBuildPhase section */
		70AFB7E927C6391A00E04F64 /* Resources */ = {
			isa = PBXResourcesBuildPhase;
			buildActionMask = 2147483647;
			files = (
				70D022E427C742D50048FC86 /* PostData.json in Resources */,
				705FACCB27C8C69E00AC2AC1 /* QuestionPostData.json in Resources */,
				70AFB7F627C6391B00E04F64 /* Preview Assets.xcassets in Resources */,
				700A9D3227C77C3100FA9473 /* EditorPostData.json in Resources */,
				70AFB7F327C6391B00E04F64 /* Assets.xcassets in Resources */,
			);
			runOnlyForDeploymentPostprocessing = 0;
		};
		70AFB7F927C6391B00E04F64 /* Resources */ = {
			isa = PBXResourcesBuildPhase;
			buildActionMask = 2147483647;
			files = (
			);
			runOnlyForDeploymentPostprocessing = 0;
		};
		70AFB80327C6391B00E04F64 /* Resources */ = {
			isa = PBXResourcesBuildPhase;
			buildActionMask = 2147483647;
			files = (
			);
			runOnlyForDeploymentPostprocessing = 0;
		};
/* End PBXResourcesBuildPhase section */

/* Begin PBXSourcesBuildPhase section */
		70AFB7E727C6391A00E04F64 /* Sources */ = {
			isa = PBXSourcesBuildPhase;
			buildActionMask = 2147483647;
			files = (
				700A9D2B27C75D0C00FA9473 /* PostDetail.swift in Sources */,
				70AFB7F127C6391A00E04F64 /* ContentView.swift in Sources */,
				705FACBD27C8977800AC2AC1 /* PostPage.swift in Sources */,
				703B6F8027C8D1E5005778F2 /* QuestionPostList.swift in Sources */,
				70D022E627C753420048FC86 /* PostList.swift in Sources */,
				705FACB927C8939400AC2AC1 /* UserInfo.swift in Sources */,
				703B6F7E27C8D091005778F2 /* QuestionPostPreviewList.swift in Sources */,
				70D022DA27C7344C0048FC86 /* PostRow.swift in Sources */,
				700A9D3027C7781C00FA9473 /* PostCard.swift in Sources */,
				705FACC527C8B4B400AC2AC1 /* User.swift in Sources */,
				705FACBB27C893AC00AC2AC1 /* ProfilePage.swift in Sources */,
				705FACBF27C8987F00AC2AC1 /* PostOptionButtonScrollView.swift in Sources */,
				705FACC127C89B9900AC2AC1 /* PostOption.swift in Sources */,
				70D022E127C7422D0048FC86 /* ModelData.swift in Sources */,
				705FACC327C8B44900AC2AC1 /* QuestionPost.swift in Sources */,
				70AFB7EF27C6391A00E04F64 /* mbti_stationApp.swift in Sources */,
				705FACC927C8BD3D00AC2AC1 /* QuestionPostRow.swift in Sources */,
				70D022DF27C7413A0048FC86 /* Post.swift in Sources */,
				700A9D2E27C7726300FA9473 /* HomePage.swift in Sources */,
				700A9D3427C77DC700FA9473 /* PostCardScrollView.swift in Sources */,
			);
			runOnlyForDeploymentPostprocessing = 0;
		};
		70AFB7F727C6391B00E04F64 /* Sources */ = {
			isa = PBXSourcesBuildPhase;
			buildActionMask = 2147483647;
			files = (
				70AFB80027C6391B00E04F64 /* mbti_stationTests.swift in Sources */,
			);
			runOnlyForDeploymentPostprocessing = 0;
		};
		70AFB80127C6391B00E04F64 /* Sources */ = {
			isa = PBXSourcesBuildPhase;
			buildActionMask = 2147483647;
			files = (
				70AFB80A27C6391B00E04F64 /* mbti_stationUITests.swift in Sources */,
				70AFB80C27C6391B00E04F64 /* mbti_stationUITestsLaunchTests.swift in Sources */,
			);
			runOnlyForDeploymentPostprocessing = 0;
		};
/* End PBXSourcesBuildPhase section */

/* Begin PBXTargetDependency section */
		70AFB7FD27C6391B00E04F64 /* PBXTargetDependency */ = {
			isa = PBXTargetDependency;
			target = 70AFB7EA27C6391A00E04F64 /* mbti-station */;
			targetProxy = 70AFB7FC27C6391B00E04F64 /* PBXContainerItemProxy */;
		};
		70AFB80727C6391B00E04F64 /* PBXTargetDependency */ = {
			isa = PBXTargetDependency;
			target = 70AFB7EA27C6391A00E04F64 /* mbti-station */;
			targetProxy = 70AFB80627C6391B00E04F64 /* PBXContainerItemProxy */;
		};
/* End PBXTargetDependency section */

/* Begin XCBuildConfiguration section */
		70AFB80D27C6391B00E04F64 /* Debug */ = {
			isa = XCBuildConfiguration;
			buildSettings = {
				ALWAYS_SEARCH_USER_PATHS = NO;
				CLANG_ANALYZER_NONNULL = YES;
				CLANG_ANALYZER_NUMBER_OBJECT_CONVERSION = YES_AGGRESSIVE;
				CLANG_CXX_LANGUAGE_STANDARD = "gnu++17";
				CLANG_CXX_LIBRARY = "libc++";
				CLANG_ENABLE_MODULES = YES;
				CLANG_ENABLE_OBJC_ARC = YES;
				CLANG_ENABLE_OBJC_WEAK = YES;
				CLANG_WARN_BLOCK_CAPTURE_AUTORELEASING = YES;
				CLANG_WARN_BOOL_CONVERSION = YES;
				CLANG_WARN_COMMA = YES;
				CLANG_WARN_CONSTANT_CONVERSION = YES;
				CLANG_WARN_DEPRECATED_OBJC_IMPLEMENTATIONS = YES;
				CLANG_WARN_DIRECT_OBJC_ISA_USAGE = YES_ERROR;
				CLANG_WARN_DOCUMENTATION_COMMENTS = YES;
				CLANG_WARN_EMPTY_BODY = YES;
				CLANG_WARN_ENUM_CONVERSION = YES;
				CLANG_WARN_INFINITE_RECURSION = YES;
				CLANG_WARN_INT_CONVERSION = YES;
				CLANG_WARN_NON_LITERAL_NULL_CONVERSION = YES;
				CLANG_WARN_OBJC_IMPLICIT_RETAIN_SELF = YES;
				CLANG_WARN_OBJC_LITERAL_CONVERSION = YES;
				CLANG_WARN_OBJC_ROOT_CLASS = YES_ERROR;
				CLANG_WARN_QUOTED_INCLUDE_IN_FRAMEWORK_HEADER = YES;
				CLANG_WARN_RANGE_LOOP_ANALYSIS = YES;
				CLANG_WARN_STRICT_PROTOTYPES = YES;
				CLANG_WARN_SUSPICIOUS_MOVE = YES;
				CLANG_WARN_UNGUARDED_AVAILABILITY = YES_AGGRESSIVE;
				CLANG_WARN_UNREACHABLE_CODE = YES;
				CLANG_WARN__DUPLICATE_METHOD_MATCH = YES;
				COPY_PHASE_STRIP = NO;
				DEBUG_INFORMATION_FORMAT = dwarf;
				ENABLE_STRICT_OBJC_MSGSEND = YES;
				ENABLE_TESTABILITY = YES;
				GCC_C_LANGUAGE_STANDARD = gnu11;
				GCC_DYNAMIC_NO_PIC = NO;
				GCC_NO_COMMON_BLOCKS = YES;
				GCC_OPTIMIZATION_LEVEL = 0;
				GCC_PREPROCESSOR_DEFINITIONS = (
					"DEBUG=1",
					"$(inherited)",
				);
				GCC_WARN_64_TO_32_BIT_CONVERSION = YES;
				GCC_WARN_ABOUT_RETURN_TYPE = YES_ERROR;
				GCC_WARN_UNDECLARED_SELECTOR = YES;
				GCC_WARN_UNINITIALIZED_AUTOS = YES_AGGRESSIVE;
				GCC_WARN_UNUSED_FUNCTION = YES;
				GCC_WARN_UNUSED_VARIABLE = YES;
				IPHONEOS_DEPLOYMENT_TARGET = 15.0;
				MTL_ENABLE_DEBUG_INFO = INCLUDE_SOURCE;
				MTL_FAST_MATH = YES;
				ONLY_ACTIVE_ARCH = YES;
				SDKROOT = iphoneos;
				SWIFT_ACTIVE_COMPILATION_CONDITIONS = DEBUG;
				SWIFT_OPTIMIZATION_LEVEL = "-Onone";
			};
			name = Debug;
		};
		70AFB80E27C6391B00E04F64 /* Release */ = {
			isa = XCBuildConfiguration;
			buildSettings = {
				ALWAYS_SEARCH_USER_PATHS = NO;
				CLANG_ANALYZER_NONNULL = YES;
				CLANG_ANALYZER_NUMBER_OBJECT_CONVERSION = YES_AGGRESSIVE;
				CLANG_CXX_LANGUAGE_STANDARD = "gnu++17";
				CLANG_CXX_LIBRARY = "libc++";
				CLANG_ENABLE_MODULES = YES;
				CLANG_ENABLE_OBJC_ARC = YES;
				CLANG_ENABLE_OBJC_WEAK = YES;
				CLANG_WARN_BLOCK_CAPTURE_AUTORELEASING = YES;
				CLANG_WARN_BOOL_CONVERSION = YES;
				CLANG_WARN_COMMA = YES;
				CLANG_WARN_CONSTANT_CONVERSION = YES;
				CLANG_WARN_DEPRECATED_OBJC_IMPLEMENTATIONS = YES;
				CLANG_WARN_DIRECT_OBJC_ISA_USAGE = YES_ERROR;
				CLANG_WARN_DOCUMENTATION_COMMENTS = YES;
				CLANG_WARN_EMPTY_BODY = YES;
				CLANG_WARN_ENUM_CONVERSION = YES;
				CLANG_WARN_INFINITE_RECURSION = YES;
				CLANG_WARN_INT_CONVERSION = YES;
				CLANG_WARN_NON_LITERAL_NULL_CONVERSION = YES;
				CLANG_WARN_OBJC_IMPLICIT_RETAIN_SELF = YES;
				CLANG_WARN_OBJC_LITERAL_CONVERSION = YES;
				CLANG_WARN_OBJC_ROOT_CLASS = YES_ERROR;
				CLANG_WARN_QUOTED_INCLUDE_IN_FRAMEWORK_HEADER = YES;
				CLANG_WARN_RANGE_LOOP_ANALYSIS = YES;
				CLANG_WARN_STRICT_PROTOTYPES = YES;
				CLANG_WARN_SUSPICIOUS_MOVE = YES;
				CLANG_WARN_UNGUARDED_AVAILABILITY = YES_AGGRESSIVE;
				CLANG_WARN_UNREACHABLE_CODE = YES;
				CLANG_WARN__DUPLICATE_METHOD_MATCH = YES;
				COPY_PHASE_STRIP = NO;
				DEBUG_INFORMATION_FORMAT = "dwarf-with-dsym";
				ENABLE_NS_ASSERTIONS = NO;
				ENABLE_STRICT_OBJC_MSGSEND = YES;
				GCC_C_LANGUAGE_STANDARD = gnu11;
				GCC_NO_COMMON_BLOCKS = YES;
				GCC_WARN_64_TO_32_BIT_CONVERSION = YES;
				GCC_WARN_ABOUT_RETURN_TYPE = YES_ERROR;
				GCC_WARN_UNDECLARED_SELECTOR = YES;
				GCC_WARN_UNINITIALIZED_AUTOS = YES_AGGRESSIVE;
				GCC_WARN_UNUSED_FUNCTION = YES;
				GCC_WARN_UNUSED_VARIABLE = YES;
				IPHONEOS_DEPLOYMENT_TARGET = 15.0;
				MTL_ENABLE_DEBUG_INFO = NO;
				MTL_FAST_MATH = YES;
				SDKROOT = iphoneos;
				SWIFT_COMPILATION_MODE = wholemodule;
				SWIFT_OPTIMIZATION_LEVEL = "-O";
				VALIDATE_PRODUCT = YES;
			};
			name = Release;
		};
		70AFB81027C6391B00E04F64 /* Debug */ = {
			isa = XCBuildConfiguration;
			buildSettings = {
				ASSETCATALOG_COMPILER_APPICON_NAME = AppIcon;
				ASSETCATALOG_COMPILER_GLOBAL_ACCENT_COLOR_NAME = AccentColor;
				CODE_SIGN_STYLE = Automatic;
				CURRENT_PROJECT_VERSION = 1;
				DEVELOPMENT_ASSET_PATHS = "\"mbti-station/Preview Content\"";
				DEVELOPMENT_TEAM = X64MATB2CC;
				ENABLE_PREVIEWS = YES;
				GENERATE_INFOPLIST_FILE = YES;
				INFOPLIST_KEY_UIApplicationSceneManifest_Generation = YES;
				INFOPLIST_KEY_UIApplicationSupportsIndirectInputEvents = YES;
				INFOPLIST_KEY_UILaunchScreen_Generation = YES;
				INFOPLIST_KEY_UISupportedInterfaceOrientations_iPad = "UIInterfaceOrientationPortrait UIInterfaceOrientationPortraitUpsideDown UIInterfaceOrientationLandscapeLeft UIInterfaceOrientationLandscapeRight";
				INFOPLIST_KEY_UISupportedInterfaceOrientations_iPhone = "UIInterfaceOrientationPortrait UIInterfaceOrientationLandscapeLeft UIInterfaceOrientationLandscapeRight";
				IPHONEOS_DEPLOYMENT_TARGET = 14.0;
				LD_RUNPATH_SEARCH_PATHS = (
					"$(inherited)",
					"@executable_path/Frameworks",
				);
				MARKETING_VERSION = 1.0;
				PRODUCT_BUNDLE_IDENTIFIER = "com.test.mbti-station";
				PRODUCT_NAME = "$(TARGET_NAME)";
				SWIFT_EMIT_LOC_STRINGS = YES;
				SWIFT_VERSION = 5.0;
				TARGETED_DEVICE_FAMILY = "1,2";
			};
			name = Debug;
		};
		70AFB81127C6391B00E04F64 /* Release */ = {
			isa = XCBuildConfiguration;
			buildSettings = {
				ASSETCATALOG_COMPILER_APPICON_NAME = AppIcon;
				ASSETCATALOG_COMPILER_GLOBAL_ACCENT_COLOR_NAME = AccentColor;
				CODE_SIGN_STYLE = Automatic;
				CURRENT_PROJECT_VERSION = 1;
				DEVELOPMENT_ASSET_PATHS = "\"mbti-station/Preview Content\"";
				DEVELOPMENT_TEAM = X64MATB2CC;
				ENABLE_PREVIEWS = YES;
				GENERATE_INFOPLIST_FILE = YES;
				INFOPLIST_KEY_UIApplicationSceneManifest_Generation = YES;
				INFOPLIST_KEY_UIApplicationSupportsIndirectInputEvents = YES;
				INFOPLIST_KEY_UILaunchScreen_Generation = YES;
				INFOPLIST_KEY_UISupportedInterfaceOrientations_iPad = "UIInterfaceOrientationPortrait UIInterfaceOrientationPortraitUpsideDown UIInterfaceOrientationLandscapeLeft UIInterfaceOrientationLandscapeRight";
				INFOPLIST_KEY_UISupportedInterfaceOrientations_iPhone = "UIInterfaceOrientationPortrait UIInterfaceOrientationLandscapeLeft UIInterfaceOrientationLandscapeRight";
				IPHONEOS_DEPLOYMENT_TARGET = 14.0;
				LD_RUNPATH_SEARCH_PATHS = (
					"$(inherited)",
					"@executable_path/Frameworks",
				);
				MARKETING_VERSION = 1.0;
				PRODUCT_BUNDLE_IDENTIFIER = "com.test.mbti-station";
				PRODUCT_NAME = "$(TARGET_NAME)";
				SWIFT_EMIT_LOC_STRINGS = YES;
				SWIFT_VERSION = 5.0;
				TARGETED_DEVICE_FAMILY = "1,2";
			};
			name = Release;
		};
		70AFB81327C6391B00E04F64 /* Debug */ = {
			isa = XCBuildConfiguration;
			buildSettings = {
				ALWAYS_EMBED_SWIFT_STANDARD_LIBRARIES = YES;
				BUNDLE_LOADER = "$(TEST_HOST)";
				CODE_SIGN_STYLE = Automatic;
				CURRENT_PROJECT_VERSION = 1;
				DEVELOPMENT_TEAM = X64MATB2CC;
				GENERATE_INFOPLIST_FILE = YES;
				IPHONEOS_DEPLOYMENT_TARGET = 14.0;
				LD_RUNPATH_SEARCH_PATHS = (
					"$(inherited)",
					"@executable_path/Frameworks",
					"@loader_path/Frameworks",
				);
				MARKETING_VERSION = 1.0;
				PRODUCT_BUNDLE_IDENTIFIER = "com.test.mbti-stationTests";
				PRODUCT_NAME = "$(TARGET_NAME)";
				SWIFT_EMIT_LOC_STRINGS = NO;
				SWIFT_VERSION = 5.0;
				TARGETED_DEVICE_FAMILY = "1,2";
				TEST_HOST = "$(BUILT_PRODUCTS_DIR)/mbti-station.app/mbti-station";
			};
			name = Debug;
		};
		70AFB81427C6391B00E04F64 /* Release */ = {
			isa = XCBuildConfiguration;
			buildSettings = {
				ALWAYS_EMBED_SWIFT_STANDARD_LIBRARIES = YES;
				BUNDLE_LOADER = "$(TEST_HOST)";
				CODE_SIGN_STYLE = Automatic;
				CURRENT_PROJECT_VERSION = 1;
				DEVELOPMENT_TEAM = X64MATB2CC;
				GENERATE_INFOPLIST_FILE = YES;
				IPHONEOS_DEPLOYMENT_TARGET = 14.0;
				LD_RUNPATH_SEARCH_PATHS = (
					"$(inherited)",
					"@executable_path/Frameworks",
					"@loader_path/Frameworks",
				);
				MARKETING_VERSION = 1.0;
				PRODUCT_BUNDLE_IDENTIFIER = "com.test.mbti-stationTests";
				PRODUCT_NAME = "$(TARGET_NAME)";
				SWIFT_EMIT_LOC_STRINGS = NO;
				SWIFT_VERSION = 5.0;
				TARGETED_DEVICE_FAMILY = "1,2";
				TEST_HOST = "$(BUILT_PRODUCTS_DIR)/mbti-station.app/mbti-station";
			};
			name = Release;
		};
		70AFB81627C6391B00E04F64 /* Debug */ = {
			isa = XCBuildConfiguration;
			buildSettings = {
				ALWAYS_EMBED_SWIFT_STANDARD_LIBRARIES = YES;
				CODE_SIGN_STYLE = Automatic;
				CURRENT_PROJECT_VERSION = 1;
				DEVELOPMENT_TEAM = X64MATB2CC;
				GENERATE_INFOPLIST_FILE = YES;
				LD_RUNPATH_SEARCH_PATHS = (
					"$(inherited)",
					"@executable_path/Frameworks",
					"@loader_path/Frameworks",
				);
				MARKETING_VERSION = 1.0;
				PRODUCT_BUNDLE_IDENTIFIER = "com.test.mbti-stationUITests";
				PRODUCT_NAME = "$(TARGET_NAME)";
				SWIFT_EMIT_LOC_STRINGS = NO;
				SWIFT_VERSION = 5.0;
				TARGETED_DEVICE_FAMILY = "1,2";
				TEST_TARGET_NAME = "mbti-station";
			};
			name = Debug;
		};
		70AFB81727C6391B00E04F64 /* Release */ = {
			isa = XCBuildConfiguration;
			buildSettings = {
				ALWAYS_EMBED_SWIFT_STANDARD_LIBRARIES = YES;
				CODE_SIGN_STYLE = Automatic;
				CURRENT_PROJECT_VERSION = 1;
				DEVELOPMENT_TEAM = X64MATB2CC;
				GENERATE_INFOPLIST_FILE = YES;
				LD_RUNPATH_SEARCH_PATHS = (
					"$(inherited)",
					"@executable_path/Frameworks",
					"@loader_path/Frameworks",
				);
				MARKETING_VERSION = 1.0;
				PRODUCT_BUNDLE_IDENTIFIER = "com.test.mbti-stationUITests";
				PRODUCT_NAME = "$(TARGET_NAME)";
				SWIFT_EMIT_LOC_STRINGS = NO;
				SWIFT_VERSION = 5.0;
				TARGETED_DEVICE_FAMILY = "1,2";
				TEST_TARGET_NAME = "mbti-station";
			};
			name = Release;
		};
/* End XCBuildConfiguration section */

/* Begin XCConfigurationList section */
		70AFB7E627C6391A00E04F64 /* Build configuration list for PBXProject "mbti-station" */ = {
			isa = XCConfigurationList;
			buildConfigurations = (
				70AFB80D27C6391B00E04F64 /* Debug */,
				70AFB80E27C6391B00E04F64 /* Release */,
			);
			defaultConfigurationIsVisible = 0;
			defaultConfigurationName = Release;
		};
		70AFB80F27C6391B00E04F64 /* Build configuration list for PBXNativeTarget "mbti-station" */ = {
			isa = XCConfigurationList;
			buildConfigurations = (
				70AFB81027C6391B00E04F64 /* Debug */,
				70AFB81127C6391B00E04F64 /* Release */,
			);
			defaultConfigurationIsVisible = 0;
			defaultConfigurationName = Release;
		};
		70AFB81227C6391B00E04F64 /* Build configuration list for PBXNativeTarget "mbti-stationTests" */ = {
			isa = XCConfigurationList;
			buildConfigurations = (
				70AFB81327C6391B00E04F64 /* Debug */,
				70AFB81427C6391B00E04F64 /* Release */,
			);
			defaultConfigurationIsVisible = 0;
			defaultConfigurationName = Release;
		};
		70AFB81527C6391B00E04F64 /* Build configuration list for PBXNativeTarget "mbti-stationUITests" */ = {
			isa = XCConfigurationList;
			buildConfigurations = (
				70AFB81627C6391B00E04F64 /* Debug */,
				70AFB81727C6391B00E04F64 /* Release */,
			);
			defaultConfigurationIsVisible = 0;
			defaultConfigurationName = Release;
		};
/* End XCConfigurationList section */
	};
	rootObject = 70AFB7E327C6391A00E04F64 /* Project object */;
}
